
Microsoft Visual Studio Solution File, Format Version 12.00
# Visual Studio Version 17
VisualStudioVersion = 17.7.34031.279
MinimumVisualStudioVersion = 10.0.40219.1
Project("{FAE04EC0-301F-11D3-BF4B-00C04F79EFBC}") = "system_ogloszeniowy", "system_ogloszeniowy\system_ogloszeniowy.csproj", "{7C742AF7-F64D-4604-80E9-F6F163D08A55}"
EndProject
Global
	GlobalSection(SolutionConfigurationPlatforms) = preSolution
		Debug|Any CPU = Debug|Any CPU
		Release|Any CPU = Release|Any CPU
	EndGlobalSection
	GlobalSection(ProjectConfigurationPlatforms) = postSolution
		{7C742AF7-F64D-4604-80E9-F6F163D08A55}.Debug|Any CPU.ActiveCfg = Debug|Any CPU
		{7C742AF7-F64D-4604-80E9-F6F163D08A55}.Debug|Any CPU.Build.0 = Debug|Any CPU
		{7C742AF7-F64D-4604-80E9-F6F163D08A55}.Release|Any CPU.ActiveCfg = Release|Any CPU
		{7C742AF7-F64D-4604-80E9-F6F163D08A55}.Release|Any CPU.Build.0 = Release|Any CPU
	EndGlobalSection
	GlobalSection(SolutionProperties) = preSolution
		HideSolutionNode = FALSE
	EndGlobalSection
	GlobalSection(ExtensibilityGlobals) = postSolution
		SolutionGuid = {310A8FAE-4AB2-4703-B888-2A1D8F45967D}
	EndGlobalSection
EndGlobal
